dependencies:
- name: postgresql
  repository: file://./dependencies/postgresql
  version: 15.2.7
- name: loki-stack
  repository: https://grafana.github.io/helm-charts
  version: 2.8.1
- name: common
  repository: oci://registry-1.docker.io/bitnamicharts
  version: 2.19.2
digest: sha256:363892e54c5c300643df7aceabb10088bd43fbf5dd0f9b26f9a2cf6556f91874
generated: "2024-05-03T19:28:00.666654+03:00"
