dependencies:
- name: postgresql
  repository: file://./dependencies/postgresql
  version: 10.8.0
- name: loki-stack
  repository: https://grafana.github.io/helm-charts
  version: 2.8.1
- name: dex
  repository: https://charts.dexidp.io
  version: 0.19.1
digest: sha256:7bed907aa582bfc0ebc50b219eff34ae8c1b2ea2ae19e4c29105874fffc61433
generated: "2024-10-01T17:02:26.29385662Z"
