dependencies:
- name: postgresql
  repository: file://./dependencies/postgresql
  version: 10.8.0
- name: loki-stack
  repository: https://grafana.github.io/helm-charts
  version: 2.9.10
digest: sha256:0e90943ca15aba994942229386d3b265de6d65b2623576414896d17f2117ec02
generated: "2023-04-25T21:38:45.082268743-04:00"
