{
  "name": "@pachyderm/haberdashery",
  "version": "0.0.1",
  "lockfileVersion": 1,
  "requires": true,
  "dependencies": {
    "envfile": {
      "version": "6.14.0",
      "resolved": "https://registry.npmjs.org/envfile/-/envfile-6.14.0.tgz",
      "integrity": "sha512-JxpcaOgJQB/x0XFmNiqFu0BLK22PlI3F0d95of5SOqcLvBlGC0ug7MHYDWnmZqmx9svIue8v0cVcqAygPTyXHQ==",
      "dev": true
    }
  }
}
