[[package]]
name = "betterproto"
version = "2.0.0b5"
description = "A better Protobuf / gRPC generator & library"
category = "main"
optional = false
python-versions = ">=3.6.2,<4.0"
develop = false

[package.dependencies]
black = {version = ">=19.3b0", optional = true}
isort = {version = "^5.10.1", optional = true}
jinja2 = {version = ">=3.0.3", optional = true}
python-dateutil = "^2.8"

[package.extras]
compiler = ["black (>=19.3b0)", "isort (>=5.10.1,<6.0.0)", "jinja2 (>=3.0.3)"]
grpcio = ["grpcio (>=1.43.0,<2.0.0)"]

[package.source]
type = "git"
url = "https://github.com/bbonenfant/python-betterproto"
reference = "95c8ad4"
resolved_reference = "95c8ad46a2578ec024070ef1658835818de0f596"

[[package]]
name = "black"
version = "23.1.0"
description = "The uncompromising code formatter."
category = "dev"
optional = false
python-versions = ">=3.7"

[package.dependencies]
click = ">=8.0.0"
mypy-extensions = ">=0.4.3"
packaging = ">=22.0"
pathspec = ">=0.9.0"
platformdirs = ">=2"
tomli = {version = ">=1.1.0", markers = "python_version < \"3.11\""}
typed-ast = {version = ">=1.4.2", markers = "python_version < \"3.8\" and implementation_name == \"cpython\""}
typing-extensions = {version = ">=3.10.0.0", markers = "python_version < \"3.10\""}

[package.extras]
colorama = ["colorama (>=0.4.3)"]
d = ["aiohttp (>=3.7.4)"]
jupyter = ["ipython (>=7.8.0)", "tokenize-rt (>=3.2.0)"]
uvloop = ["uvloop (>=0.15.2)"]

[[package]]
name = "certifi"
version = "2022.12.7"
description = "Python package for providing Mozilla's CA Bundle."
category = "main"
optional = false
python-versions = ">=3.6"

[[package]]
name = "click"
version = "8.1.3"
description = "Composable command line interface toolkit"
category = "dev"
optional = false
python-versions = ">=3.7"

[package.dependencies]
colorama = {version = "*", markers = "platform_system == \"Windows\""}
importlib-metadata = {version = "*", markers = "python_version < \"3.8\""}

[[package]]
name = "colorama"
version = "0.4.6"
description = "Cross-platform colored terminal text."
category = "dev"
optional = false
python-versions = "!=3.0.*,!=3.1.*,!=3.2.*,!=3.3.*,!=3.4.*,!=3.5.*,!=3.6.*,>=2.7"

[[package]]
name = "grpc-interceptor"
version = "0.13.2"
description = "Simplifies gRPC interceptors"
category = "main"
optional = false
python-versions = ">=3.6,<4.0"

[package.dependencies]
grpcio = ">=1.8.0,<2.0.0"

[package.extras]
testing = ["protobuf (>=3.6.0)"]

[[package]]
name = "grpcio"
version = "1.46.1"
description = "HTTP/2-based RPC framework"
category = "main"
optional = false
python-versions = ">=3.6"

[package.dependencies]
six = ">=1.5.2"

[package.extras]
protobuf = ["grpcio-tools (>=1.46.1)"]

[[package]]
name = "grpcio-tools"
version = "1.46.1"
description = "Protobuf code generator for gRPC"
category = "dev"
optional = false
python-versions = ">=3.6"

[package.dependencies]
grpcio = ">=1.46.1"
protobuf = ">=3.12.0,<4.0dev"

[[package]]
name = "importlib-metadata"
version = "6.0.0"
description = "Read metadata from Python packages"
category = "main"
optional = false
python-versions = ">=3.7"

[package.dependencies]
typing-extensions = {version = ">=3.6.4", markers = "python_version < \"3.8\""}
zipp = ">=0.5"

[package.extras]
docs = ["sphinx (>=3.5)", "jaraco.packaging (>=9)", "rst.linker (>=1.9)", "furo", "sphinx-lint", "jaraco.tidelift (>=1.4)"]
perf = ["ipython"]
testing = ["pytest (>=6)", "pytest-checkdocs (>=2.4)", "flake8 (<5)", "pytest-cov", "pytest-enabler (>=1.3)", "packaging", "pyfakefs", "flufl.flake8", "pytest-perf (>=0.9.2)", "pytest-black (>=0.3.7)", "pytest-mypy (>=0.9.1)", "pytest-flake8", "importlib-resources (>=1.3)"]

[[package]]
name = "isort"
version = "5.11.5"
description = "A Python utility / library to sort Python imports."
category = "dev"
optional = false
python-versions = ">=3.7.0"

[package.extras]
pipfile-deprecated-finder = ["pipreqs", "requirementslib", "pip-shims (>=0.5.2)"]
requirements-deprecated-finder = ["pipreqs", "pip-api"]
colors = ["colorama (>=0.4.3,<0.5.0)"]
plugins = ["setuptools"]

[[package]]
name = "jinja2"
version = "3.1.2"
description = "A very fast and expressive template engine."
category = "dev"
optional = false
python-versions = ">=3.7"

[package.dependencies]
MarkupSafe = ">=2.0"

[package.extras]
i18n = ["Babel (>=2.7)"]

[[package]]
name = "markupsafe"
version = "2.1.2"
description = "Safely add untrusted strings to HTML/XML markup."
category = "dev"
optional = false
python-versions = ">=3.7"

[[package]]
name = "mypy-extensions"
version = "0.4.3"
description = "Experimental type system extensions for programs checked with the mypy typechecker."
category = "dev"
optional = false
python-versions = "*"

[[package]]
name = "packaging"
version = "23.0"
description = "Core utilities for Python packages"
category = "dev"
optional = false
python-versions = ">=3.7"

[[package]]
name = "pathspec"
version = "0.11.0"
description = "Utility library for gitignore style pattern matching of file paths."
category = "dev"
optional = false
python-versions = ">=3.7"

[[package]]
name = "platformdirs"
version = "2.6.2"
description = "A small Python package for determining appropriate platform-specific dirs, e.g. a \"user data dir\"."
category = "dev"
optional = false
python-versions = ">=3.7"

[package.dependencies]
typing-extensions = {version = ">=4.4", markers = "python_version < \"3.8\""}

[package.extras]
docs = ["furo (>=2022.12.7)", "proselint (>=0.13)", "sphinx-autodoc-typehints (>=1.19.5)", "sphinx (>=5.3)"]
test = ["appdirs (==1.4.4)", "covdefaults (>=2.2.2)", "pytest-cov (>=4)", "pytest-mock (>=3.10)", "pytest (>=7.2)"]

[[package]]
name = "protobuf"
version = "3.20.3"
description = "Protocol Buffers"
category = "dev"
optional = false
python-versions = ">=3.7"

[[package]]
name = "python-dateutil"
version = "2.8.2"
description = "Extensions to the standard Python datetime module"
category = "main"
optional = false
python-versions = "!=3.0.*,!=3.1.*,!=3.2.*,>=2.7"

[package.dependencies]
six = ">=1.5"

[[package]]
name = "six"
version = "1.16.0"
description = "Python 2 and 3 compatibility utilities"
category = "main"
optional = false
python-versions = ">=2.7, !=3.0.*, !=3.1.*, !=3.2.*"

[[package]]
name = "tomli"
version = "2.0.1"
description = "A lil' TOML parser"
category = "dev"
optional = false
python-versions = ">=3.7"

[[package]]
name = "typed-ast"
version = "1.5.4"
description = "a fork of Python 2 and 3 ast modules with type comment support"
category = "dev"
optional = false
python-versions = ">=3.6"

[[package]]
name = "typing-extensions"
version = "4.4.0"
description = "Backported and Experimental Type Hints for Python 3.7+"
category = "main"
optional = false
python-versions = ">=3.7"

[[package]]
name = "zipp"
version = "3.12.0"
description = "Backport of pathlib-compatible object wrapper for zip files"
category = "main"
optional = false
python-versions = ">=3.7"

[package.extras]
docs = ["sphinx (>=3.5)", "jaraco.packaging (>=9)", "rst.linker (>=1.9)", "furo", "sphinx-lint", "jaraco.tidelift (>=1.4)"]
testing = ["pytest (>=6)", "pytest-checkdocs (>=2.4)", "flake8 (<5)", "pytest-cov", "pytest-enabler (>=1.3)", "jaraco.itertools", "func-timeout", "jaraco.functools", "more-itertools", "pytest-black (>=0.3.7)", "pytest-mypy (>=0.9.1)", "pytest-flake8"]

[metadata]
lock-version = "1.1"
python-versions = ">=3.7,<4.0"
content-hash = "db7d6c8709450dd809bfbb4d688559ac7e224c09158a1c992864f384901e490f"

[metadata.files]
betterproto = []
black = []
certifi = []
click = [
    {file = "click-8.1.3-py3-none-any.whl", hash = "sha256:bb4d8133cb15a609f44e8213d9b391b0809795062913b383c62be0ee95b1db48"},
    {file = "click-8.1.3.tar.gz", hash = "sha256:7682dc8afb30297001674575ea00d1814d808d6a36af415a82bd481d37ba7b8e"},
]
colorama = []
grpc-interceptor = [
    {file = "grpc-interceptor-0.13.2.tar.gz", hash = "sha256:f8ada9897e19c605f260eb5ff25676e6f2077528647538ed8f7f3f8a3bb167aa"},
    {file = "grpc_interceptor-0.13.2-py3-none-any.whl", hash = "sha256:c5cba4552514b83f29efe7f38c1e95b60d38aa1f87bc30f2223228a795e867e7"},
]
grpcio = [
    {file = "grpcio-1.46.1-cp310-cp310-linux_armv7l.whl", hash = "sha256:aeb1e07fab60736583fc17f0bad9ba45b82d4c2099576a936853742e6ff50bd8"},
    {file = "grpcio-1.46.1-cp310-cp310-macosx_10_10_universal2.whl", hash = "sha256:09f84962dacfee7137b76818476bcd7fcf11626e3e9c20adae2b0fa9c7fe81c3"},
    {file = "grpcio-1.46.1-cp310-cp310-manylinux_2_17_aarch64.whl", hash = "sha256:48260059c3204a1fa948233711045b066f09deaa24fb6213e8fb0fc7264832f7"},
    {file = "grpcio-1.46.1-cp310-cp310-manylinux_2_17_i686.manylinux2014_i686.whl", hash = "sha256:c3b3898087090a03429d14e053af5531075e6db6bdd608fd44fa4eb1021b50f2"},
    {file = "grpcio-1.46.1-cp310-cp310-manylinux_2_17_x86_64.manylinux2014_x86_64.whl", hash = "sha256:fe355dd01d2310ddbcdcf903bde451ca4b22cdcc2ea3c36de34997578ee3b1e0"},
    {file = "grpcio-1.46.1-cp310-cp310-musllinux_1_1_i686.whl", hash = "sha256:58777d1abd8291c9dd98dc236ece82696cd54039daa0b478bb2ad6cb0c8d4b9a"},
    {file = "grpcio-1.46.1-cp310-cp310-musllinux_1_1_x86_64.whl", hash = "sha256:f4d9e8c8da9ea4bd3d72122e2491bfee798ba1f498abf680a508f78eb49d742b"},
    {file = "grpcio-1.46.1-cp310-cp310-win32.whl", hash = "sha256:46eefbb36a062fad859bf56087f1a6782aae2a7e0c6234fb82971290db29a3e2"},
    {file = "grpcio-1.46.1-cp310-cp310-win_amd64.whl", hash = "sha256:7c12b79c625eb6a73d808c234254bfbd23fae08a7f64bb78236c61f77f30454a"},
    {file = "grpcio-1.46.1-cp36-cp36m-linux_armv7l.whl", hash = "sha256:424ef6c3f7631b21a7884e5756f23d2fc5c4d89f05b0c87e4b0cd4495b39748e"},
    {file = "grpcio-1.46.1-cp36-cp36m-macosx_10_10_x86_64.whl", hash = "sha256:a73ccbc4f7a57183ec6c3f78e225585ba85f990e93b523359bad83baee349540"},
    {file = "grpcio-1.46.1-cp36-cp36m-manylinux_2_12_i686.manylinux2010_i686.whl", hash = "sha256:3abc211a2ebdf002b0a430079238b4861ea74fa3f6751f4e584702333ec5b886"},
    {file = "grpcio-1.46.1-cp36-cp36m-manylinux_2_12_x86_64.manylinux2010_x86_64.whl", hash = "sha256:71a2163e14ad95210d7353fd4ea5f02d474afec897e653e54adce45cf0ee1536"},
    {file = "grpcio-1.46.1-cp36-cp36m-manylinux_2_17_aarch64.whl", hash = "sha256:48f81a903467dd6665af7b2c3089b2dbe16563a945d7dc88c40c585dcd010f8a"},
    {file = "grpcio-1.46.1-cp36-cp36m-manylinux_2_17_i686.manylinux2014_i686.whl", hash = "sha256:5bae8fd51d16a2712e5ecfc40146f6b3bcb6e3837f345be7f20ecc4a86c61903"},
    {file = "grpcio-1.46.1-cp36-cp36m-manylinux_2_17_x86_64.manylinux2014_x86_64.whl", hash = "sha256:22dc046fece523ca3a86aac75ac9980016c0ba93d35a586bc8b350a62430f4fc"},
    {file = "grpcio-1.46.1-cp36-cp36m-musllinux_1_1_i686.whl", hash = "sha256:4083a70e3f90f6e48de37611484f489381f21a2615575c9a5a6ea5d9bf46db71"},
    {file = "grpcio-1.46.1-cp36-cp36m-musllinux_1_1_x86_64.whl", hash = "sha256:4a7431905f3b7177c0a03f4ed7471d3d500e0d109c739b724e4ab4d2f852c961"},
    {file = "grpcio-1.46.1-cp36-cp36m-win32.whl", hash = "sha256:0c5d817a0738d87868ffaeef1ec2aa312cd99b24ba451f4dc993457468d48216"},
    {file = "grpcio-1.46.1-cp36-cp36m-win_amd64.whl", hash = "sha256:0c50a5d81a4b5583b7fef4ec084fab919a06ad2e7e01eefd778f2a9bfd3f6b19"},
    {file = "grpcio-1.46.1-cp37-cp37m-linux_armv7l.whl", hash = "sha256:0e6800f64c61cfa914c25560eb885a61623e356c7885775b80eead94f80c178c"},
    {file = "grpcio-1.46.1-cp37-cp37m-macosx_10_10_x86_64.whl", hash = "sha256:c9e2be2b9cd3c15980b94371ad71f6c7a415d7b2b88b9ea35a993b4f2a947f11"},
    {file = "grpcio-1.46.1-cp37-cp37m-manylinux_2_12_i686.manylinux2010_i686.whl", hash = "sha256:cc032618b4c16b342c98ccfdfd85c5659ba33a9eb1c6e3ca0b2062dc08650f91"},
    {file = "grpcio-1.46.1-cp37-cp37m-manylinux_2_12_x86_64.manylinux2010_x86_64.whl", hash = "sha256:d1845dd5c3a21496a5e7c8d0dbc02ee1f5491a90ae391f0d8ea502e9a2ad9e28"},
    {file = "grpcio-1.46.1-cp37-cp37m-manylinux_2_17_aarch64.whl", hash = "sha256:385b55cdf6176961d22390e3d2e7c26ab412f2b7e35d150d0a2964afae0d6662"},
    {file = "grpcio-1.46.1-cp37-cp37m-manylinux_2_17_i686.manylinux2014_i686.whl", hash = "sha256:b476a680c08504c5520d043ee26e8614f71e2fc9abf98fc6de3ad61074684fb6"},
    {file = "grpcio-1.46.1-cp37-cp37m-manylinux_2_17_x86_64.manylinux2014_x86_64.whl", hash = "sha256:52217d64ca280cec095ca9643b7f028edf5c9866af9125ded452699be04d4440"},
    {file = "grpcio-1.46.1-cp37-cp37m-musllinux_1_1_i686.whl", hash = "sha256:3aa094661e8b4229177eb373b5c7b3aca34699711efa004daebd24bf60fd213b"},
    {file = "grpcio-1.46.1-cp37-cp37m-musllinux_1_1_x86_64.whl", hash = "sha256:d8e0778b2e9a92beef973b050102e7698753c57ef59572b59794580a8990ad95"},
    {file = "grpcio-1.46.1-cp37-cp37m-win32.whl", hash = "sha256:f868103adeb61dd42330c2e85e1c0cccbc9a0b3f53fd84299981c9af99f95da7"},
    {file = "grpcio-1.46.1-cp37-cp37m-win_amd64.whl", hash = "sha256:9e27d4937763c1b4f360bea7f976ea73ccd444f89279a0de2147c8d65fdbf6b0"},
    {file = "grpcio-1.46.1-cp38-cp38-linux_armv7l.whl", hash = "sha256:b7f058ba6818cb20dca26ac43c610a2c9846302a34a7f0ac81b0dda0bde15bbf"},
    {file = "grpcio-1.46.1-cp38-cp38-macosx_10_10_x86_64.whl", hash = "sha256:e44313f90365780631597dd59f9a50830a02f038b7e191a44d09a9094683123b"},
    {file = "grpcio-1.46.1-cp38-cp38-manylinux_2_12_i686.manylinux2010_i686.whl", hash = "sha256:09c5b5812fdb50ee5ccd3cb2820bd72706e04f42e58245a3f640370aaef17938"},
    {file = "grpcio-1.46.1-cp38-cp38-manylinux_2_12_x86_64.manylinux2010_x86_64.whl", hash = "sha256:c758fcba514fded6fc0dc0cd8416f2697af0e1a2e7e13a8be49728820dc51371"},
    {file = "grpcio-1.46.1-cp38-cp38-manylinux_2_17_aarch64.whl", hash = "sha256:5a67abcf8c646970a48896e23256403397927a4ea0bcf0a0e4bd7c2023f675dd"},
    {file = "grpcio-1.46.1-cp38-cp38-manylinux_2_17_i686.manylinux2014_i686.whl", hash = "sha256:3e20ad60564e71b7a29894d6d1eebe23c43974d82d2529b37d8f766b3ec3ef1e"},
    {file = "grpcio-1.46.1-cp38-cp38-manylinux_2_17_x86_64.manylinux2014_x86_64.whl", hash = "sha256:83c0eee24264e715cadef3a4b4cc58b69ec57faa98bf8a49079ceb7345adb767"},
    {file = "grpcio-1.46.1-cp38-cp38-musllinux_1_1_i686.whl", hash = "sha256:ae8c79aa3d699b7e48f56e4ee6aececf29a7b01e61db408a6d0e3f3d27f93ee4"},
    {file = "grpcio-1.46.1-cp38-cp38-musllinux_1_1_x86_64.whl", hash = "sha256:8e2d6c4308a143533a8c9b01616d628de22bc2f9da73ff9dd75f92104597c90f"},
    {file = "grpcio-1.46.1-cp38-cp38-win32.whl", hash = "sha256:a481ec9bc02c1be56b9d2eff14b00629f679269a10a952134ad6624ff335daa7"},
    {file = "grpcio-1.46.1-cp38-cp38-win_amd64.whl", hash = "sha256:c88bfb74d343c3214a5482530a112a623704549271006cfb3284daf2dcdda620"},
    {file = "grpcio-1.46.1-cp39-cp39-linux_armv7l.whl", hash = "sha256:a968c5572a55ca0acc068c69ffde252bcb0ce79acf857b55a76733eb8e71b2da"},
    {file = "grpcio-1.46.1-cp39-cp39-macosx_10_10_x86_64.whl", hash = "sha256:ec9afc7641a43d37e7f4c8a6464ec14748aa939443f06754331a30e430a73cf5"},
    {file = "grpcio-1.46.1-cp39-cp39-manylinux_2_12_i686.manylinux2010_i686.whl", hash = "sha256:4b963b5594e1e1eaa657bc1007aa2f4d78e3be0b38a0c8524da68b981c82854f"},
    {file = "grpcio-1.46.1-cp39-cp39-manylinux_2_12_x86_64.manylinux2010_x86_64.whl", hash = "sha256:4f51f7534c6fb47edbe3524357c05680af96d93d38f6c98a2560f56bfcc171ec"},
    {file = "grpcio-1.46.1-cp39-cp39-manylinux_2_17_aarch64.whl", hash = "sha256:47958e3a8ec64768ef9ab7448bcb1c571d3a8138a90674710af811ef082ae428"},
    {file = "grpcio-1.46.1-cp39-cp39-manylinux_2_17_i686.manylinux2014_i686.whl", hash = "sha256:ce35d280b022766121d09901827973c66b31987047e54062f72ea0a8df8cd267"},
    {file = "grpcio-1.46.1-cp39-cp39-manylinux_2_17_x86_64.manylinux2014_x86_64.whl", hash = "sha256:72b0cf7240cd26efb589afbcff21ed4f430e8237e6c9ab02f7d7118d9677f278"},
    {file = "grpcio-1.46.1-cp39-cp39-musllinux_1_1_i686.whl", hash = "sha256:51c917e8eea1995d540524674406b9658591ae29beab012f79f817757ce218b5"},
    {file = "grpcio-1.46.1-cp39-cp39-musllinux_1_1_x86_64.whl", hash = "sha256:8373f35f562a3235a3213a2899da72e7ab2f94e127f88d17e5a9702aa7a7a61d"},
    {file = "grpcio-1.46.1-cp39-cp39-win32.whl", hash = "sha256:9009bceefe013cbb57663fe3e33b38e695832216b23aa3efb2c81c86b271f0da"},
    {file = "grpcio-1.46.1-cp39-cp39-win_amd64.whl", hash = "sha256:0815fb60b23d992a732bd32a7cb9cbcdbbb8faef9f4219fc7570537b2ad72428"},
    {file = "grpcio-1.46.1.tar.gz", hash = "sha256:4835b0f5fedbee3a3d6eea48f4e65dffd30b52c078690fa97ddc9fcea1e3b35d"},
]
grpcio-tools = [
    {file = "grpcio-tools-1.46.1.tar.gz", hash = "sha256:d54d80a4cfd7da002893711af613c9c9358dddfdd27feea44eb902c495b09105"},
    {file = "grpcio_tools-1.46.1-cp310-cp310-linux_armv7l.whl", hash = "sha256:d59a4e2316acbaea4492ff5c0f3f9860fd67a1d40fb2ad7959a035b5eba986f2"},
    {file = "grpcio_tools-1.46.1-cp310-cp310-macosx_10_10_universal2.whl", hash = "sha256:698bf579b58de7cfc6d858d3ec1f2028fc8ab4b495d044c0e38580b72d74d535"},
    {file = "grpcio_tools-1.46.1-cp310-cp310-manylinux_2_17_aarch64.whl", hash = "sha256:cc2712e36db64d345a14883502db3c4dfe7fad435f8c2d7e3e5988e7add6d5d1"},
    {file = "grpcio_tools-1.46.1-cp310-cp310-manylinux_2_17_i686.manylinux2014_i686.whl", hash = "sha256:41f541c07720b5f42cc4ceee773cbc6f2811ca647c8c88a0f0df4498acc6b058"},
    {file = "grpcio_tools-1.46.1-cp310-cp310-manylinux_2_17_x86_64.manylinux2014_x86_64.whl", hash = "sha256:df2948642b44471975a26eda04e6e265c2897e58d7f55d0b71ad7d2aa5595111"},
    {file = "grpcio_tools-1.46.1-cp310-cp310-musllinux_1_1_i686.whl", hash = "sha256:45fe8830a77f8b7c2a12572c1bf32f9c991996b77d3497aa9ba5d82d1a46fcf1"},
    {file = "grpcio_tools-1.46.1-cp310-cp310-musllinux_1_1_x86_64.whl", hash = "sha256:774461be1d50a9ed58257eb2794f7d8fe94e850c42ddd447967a7ef5b7c069a7"},
    {file = "grpcio_tools-1.46.1-cp310-cp310-win32.whl", hash = "sha256:24e5137d41df88e7a32bb3776f52a64490a98c064844026e9e4417350bd15315"},
    {file = "grpcio_tools-1.46.1-cp310-cp310-win_amd64.whl", hash = "sha256:9dccfadfbba63c9d8d8f7de4aa484e3d01291e49bc17bde9ab40d9ff07ecd156"},
    {file = "grpcio_tools-1.46.1-cp36-cp36m-linux_armv7l.whl", hash = "sha256:9b96b53e1bdb26e30a9fb5eedcf835b174d020a7d8461ec6b813679b224c997d"},
    {file = "grpcio_tools-1.46.1-cp36-cp36m-macosx_10_10_x86_64.whl", hash = "sha256:18ee79a031f6537ce2fcfbb0a092e670e554d8db4f62ac0c9c4b1f65ba0ad111"},
    {file = "grpcio_tools-1.46.1-cp36-cp36m-manylinux_2_12_i686.manylinux2010_i686.whl", hash = "sha256:83d70164e4f86995cdf0b43ad16b0afe038b8ce42fcac1be637471371c1ef60c"},
    {file = "grpcio_tools-1.46.1-cp36-cp36m-manylinux_2_12_x86_64.manylinux2010_x86_64.whl", hash = "sha256:e1a1eb453fd595573e892014044d815f3fb230ecd06a0dff3ceb67c325cf974b"},
    {file = "grpcio_tools-1.46.1-cp36-cp36m-manylinux_2_17_aarch64.whl", hash = "sha256:cb627cbb5b143d34aa8d260c6e75574f2d5b47a39499501741c4a391a57c35c6"},
    {file = "grpcio_tools-1.46.1-cp36-cp36m-manylinux_2_17_i686.manylinux2014_i686.whl", hash = "sha256:47e335bad24cf6b3b2137e3f41cbc0f987806ec294ee106ec313f37d2e296434"},
    {file = "grpcio_tools-1.46.1-cp36-cp36m-manylinux_2_17_x86_64.manylinux2014_x86_64.whl", hash = "sha256:4b38861db8ac93bb61e891c77d3e4039418217298fb148f430cd60f74a19a0f1"},
    {file = "grpcio_tools-1.46.1-cp36-cp36m-musllinux_1_1_i686.whl", hash = "sha256:e70a5cd01ff71a228cc3d38e3cb056de52aadab5c0050b4255eea0699b5d50a8"},
    {file = "grpcio_tools-1.46.1-cp36-cp36m-musllinux_1_1_x86_64.whl", hash = "sha256:bcb8bb53b1ee6317f29c9ecf93dd290519c0ace7aab7b925851a3cba397f28fd"},
    {file = "grpcio_tools-1.46.1-cp36-cp36m-win32.whl", hash = "sha256:0dd48913421eb995cdc0cb52c210c10668baab7074147679db96cf572796f75b"},
    {file = "grpcio_tools-1.46.1-cp36-cp36m-win_amd64.whl", hash = "sha256:227534af22475a076e5b2a7990a40a89bf1bd1bc4ac842128c51bbcfe057715d"},
    {file = "grpcio_tools-1.46.1-cp37-cp37m-linux_armv7l.whl", hash = "sha256:e63b2c4effc26d817da41c6ff28e10f522565422ee273fd573f58256df81032b"},
    {file = "grpcio_tools-1.46.1-cp37-cp37m-macosx_10_10_x86_64.whl", hash = "sha256:bfbb34e5da01abde8112491a2d3b96bb4e17aa3cde5ca4f6fde90505d5704994"},
    {file = "grpcio_tools-1.46.1-cp37-cp37m-manylinux_2_12_i686.manylinux2010_i686.whl", hash = "sha256:3056adde4dba80c0b3f1b2ec4cf0b0ce6deab0b8064716a8bcf359779e8562a9"},
    {file = "grpcio_tools-1.46.1-cp37-cp37m-manylinux_2_12_x86_64.manylinux2010_x86_64.whl", hash = "sha256:25d0ed7ef49e5750a976ac51dc0aba121f052301dd90ff0a7b3dfbb0de097610"},
    {file = "grpcio_tools-1.46.1-cp37-cp37m-manylinux_2_17_aarch64.whl", hash = "sha256:ce01113910e3a1a80a031d18d1730c971589084b49a8bbce3b312deb9c444928"},
    {file = "grpcio_tools-1.46.1-cp37-cp37m-manylinux_2_17_i686.manylinux2014_i686.whl", hash = "sha256:8e50bace6f9ee965e34e05cb404071c6e4b6151e01439db81e2a5187dd2edd0a"},
    {file = "grpcio_tools-1.46.1-cp37-cp37m-manylinux_2_17_x86_64.manylinux2014_x86_64.whl", hash = "sha256:cb8bc9ddf7e89928f076ba6a1255c8b718122846a7ffe3b1354944a91aa1e8bf"},
    {file = "grpcio_tools-1.46.1-cp37-cp37m-musllinux_1_1_i686.whl", hash = "sha256:64d1bb16e96a53f9f035e96187f4c2653ee0e33238247f6102da8e5224481283"},
    {file = "grpcio_tools-1.46.1-cp37-cp37m-musllinux_1_1_x86_64.whl", hash = "sha256:0529e33c1de2f88e9585b664b634f0daa273bb3defe107f5af2606f74b2a1c84"},
    {file = "grpcio_tools-1.46.1-cp37-cp37m-win32.whl", hash = "sha256:0739385b36169a20fe14364ca74478b8624845e4e01c7ae7e69f0639304f7a65"},
    {file = "grpcio_tools-1.46.1-cp37-cp37m-win_amd64.whl", hash = "sha256:7d14fa74efa956e129e3360f4a36ca8778da6cfdbd6f4e6840441e1f2f8e50ab"},
    {file = "grpcio_tools-1.46.1-cp38-cp38-linux_armv7l.whl", hash = "sha256:94239ae2d716f62ad672d9f2c8ca7344d0046a42725a178bce6f3db8e1769ed0"},
    {file = "grpcio_tools-1.46.1-cp38-cp38-macosx_10_10_x86_64.whl", hash = "sha256:9c240fbde2e0c3f725b8ccb11c8bbf6db16fb21e8632b9b46d8fa44e103dc942"},
    {file = "grpcio_tools-1.46.1-cp38-cp38-manylinux_2_12_i686.manylinux2010_i686.whl", hash = "sha256:c026d86c91476e2d91f894a188e3933b89af4970b72fdd742688061a4e8ee366"},
    {file = "grpcio_tools-1.46.1-cp38-cp38-manylinux_2_12_x86_64.manylinux2010_x86_64.whl", hash = "sha256:6bd11766f2919b613c87d711500a94fa71c7333e4721ebe70311a0f9fbe29e7f"},
    {file = "grpcio_tools-1.46.1-cp38-cp38-manylinux_2_17_aarch64.whl", hash = "sha256:30e7e93b7efa55e5ca815401edde3593303d2c786ade9e1b5955f0b3b4ebb27c"},
    {file = "grpcio_tools-1.46.1-cp38-cp38-manylinux_2_17_i686.manylinux2014_i686.whl", hash = "sha256:e787b0fddec8e174e657ce05fd5117426cf5dcc19d04c4596cc98b1970c9cfed"},
    {file = "grpcio_tools-1.46.1-cp38-cp38-manylinux_2_17_x86_64.manylinux2014_x86_64.whl", hash = "sha256:fbce0597f699dfa9393b889c9ff0845046f64b07e9d3c057afa201d6cb688a34"},
    {file = "grpcio_tools-1.46.1-cp38-cp38-musllinux_1_1_i686.whl", hash = "sha256:ef268d63e5d18d31579755a5511ee30979b56db2229a74ee4841668023a67f0f"},
    {file = "grpcio_tools-1.46.1-cp38-cp38-musllinux_1_1_x86_64.whl", hash = "sha256:3340b512284cf4a8106f5a6dcc34c23c403da94947b0c119a7c32afef5a7aa1d"},
    {file = "grpcio_tools-1.46.1-cp38-cp38-win32.whl", hash = "sha256:8a49727e9cdfc4bdbe275a59b469161c7ee385fee1af111132fbb4b1b4f49290"},
    {file = "grpcio_tools-1.46.1-cp38-cp38-win_amd64.whl", hash = "sha256:fa9b0d536cb2ec7b4bf24ed9418f305eb34de0a7fea0a8ce2339d32697327f81"},
    {file = "grpcio_tools-1.46.1-cp39-cp39-linux_armv7l.whl", hash = "sha256:31d57f9f86ff425391c8f65881d26c18c458c9ad6a9bf13e4eb5b31d22b4e2a2"},
    {file = "grpcio_tools-1.46.1-cp39-cp39-macosx_10_10_x86_64.whl", hash = "sha256:fa523c2e921d2e73318232f30e3d5b773f9209606487cf56a0ede2ebd23514cd"},
    {file = "grpcio_tools-1.46.1-cp39-cp39-manylinux_2_12_i686.manylinux2010_i686.whl", hash = "sha256:7794b271803d66ddc917fd8a22a447060f8220fde0f8eb8f602f18261f5d7def"},
    {file = "grpcio_tools-1.46.1-cp39-cp39-manylinux_2_12_x86_64.manylinux2010_x86_64.whl", hash = "sha256:25d2833e3980fe602ed48abe764f6a87c928a1451e03e5bb99358dc89a466bcb"},
    {file = "grpcio_tools-1.46.1-cp39-cp39-manylinux_2_17_aarch64.whl", hash = "sha256:0de7e014f19ffc1fd21b2b70ba940f8a1b22ff2b57ca6407e60f9e0b6ce0e4c5"},
    {file = "grpcio_tools-1.46.1-cp39-cp39-manylinux_2_17_i686.manylinux2014_i686.whl", hash = "sha256:7db2954a6db34f87301715aeabab2faee12c3ecb449a83f32e8a5c62c94b4280"},
    {file = "grpcio_tools-1.46.1-cp39-cp39-manylinux_2_17_x86_64.manylinux2014_x86_64.whl", hash = "sha256:26008be99b8067ce79a95266cd07a0b067d81551c85bb39307fc165fa2d10d4f"},
    {file = "grpcio_tools-1.46.1-cp39-cp39-musllinux_1_1_i686.whl", hash = "sha256:b158044ede23a11ab84007e26e5d7bc44d59bf31215a51e3ac6332ddebba9c5f"},
    {file = "grpcio_tools-1.46.1-cp39-cp39-musllinux_1_1_x86_64.whl", hash = "sha256:c25d5154c118dfc1063c2300bb46ba45dd190192cd3fa4b6a17624db05bab6a6"},
    {file = "grpcio_tools-1.46.1-cp39-cp39-win32.whl", hash = "sha256:53caa9686b4b9f1810e89d049cbe7d6db023227cf8281f685d1be80526a33e25"},
    {file = "grpcio_tools-1.46.1-cp39-cp39-win_amd64.whl", hash = "sha256:ed3f4ebc28a04fcfffedf252a11f05916ab890876a03e8860e94002173c438c1"},
]
importlib-metadata = []
isort = []
jinja2 = [
    {file = "Jinja2-3.1.2-py3-none-any.whl", hash = "sha256:6088930bfe239f0e6710546ab9c19c9ef35e29792895fed6e6e31a023a182a61"},
    {file = "Jinja2-3.1.2.tar.gz", hash = "sha256:31351a702a408a9e7595a8fc6150fc3f43bb6bf7e319770cbc0db9df9437e852"},
]
markupsafe = []
mypy-extensions = [
    {file = "mypy_extensions-0.4.3-py2.py3-none-any.whl", hash = "sha256:090fedd75945a69ae91ce1303b5824f428daf5a028d2f6ab8a299250a846f15d"},
    {file = "mypy_extensions-0.4.3.tar.gz", hash = "sha256:2d82818f5bb3e369420cb3c4060a7970edba416647068eb4c5343488a6c604a8"},
]
packaging = []
pathspec = []
platformdirs = []
protobuf = []
python-dateutil = [
    {file = "python-dateutil-2.8.2.tar.gz", hash = "sha256:0123cacc1627ae19ddf3c27a5de5bd67ee4586fbdd6440d9748f8abb483d3e86"},
    {file = "python_dateutil-2.8.2-py2.py3-none-any.whl", hash = "sha256:961d03dc3453ebbc59dbdea9e4e11c5651520a876d0f4db161e8674aae935da9"},
]
six = [
    {file = "six-1.16.0-py2.py3-none-any.whl", hash = "sha256:8abb2f1d86890a2dfb989f9a77cfcfd3e47c2a354b01111771326f8aa26e0254"},
    {file = "six-1.16.0.tar.gz", hash = "sha256:1e61c37477a1626458e36f7b1d82aa5c9b094fa4802892072e49de9c60c4c926"},
]
tomli = [
    {file = "tomli-2.0.1-py3-none-any.whl", hash = "sha256:939de3e7a6161af0c887ef91b7d41a53e7c5a1ca976325f429cb46ea9bc30ecc"},
    {file = "tomli-2.0.1.tar.gz", hash = "sha256:de526c12914f0c550d15924c62d72abc48d6fe7364aa87328337a31007fe8a4f"},
]
typed-ast = [
    {file = "typed_ast-1.5.4-cp310-cp310-macosx_10_9_x86_64.whl", hash = "sha256:669dd0c4167f6f2cd9f57041e03c3c2ebf9063d0757dc89f79ba1daa2bfca9d4"},
    {file = "typed_ast-1.5.4-cp310-cp310-macosx_11_0_arm64.whl", hash = "sha256:211260621ab1cd7324e0798d6be953d00b74e0428382991adfddb352252f1d62"},
    {file = "typed_ast-1.5.4-cp310-cp310-manylinux_2_17_aarch64.manylinux2014_aarch64.whl", hash = "sha256:267e3f78697a6c00c689c03db4876dd1efdfea2f251a5ad6555e82a26847b4ac"},
    {file = "typed_ast-1.5.4-cp310-cp310-manylinux_2_5_x86_64.manylinux1_x86_64.manylinux_2_12_x86_64.manylinux2010_x86_64.whl", hash = "sha256:c542eeda69212fa10a7ada75e668876fdec5f856cd3d06829e6aa64ad17c8dfe"},
    {file = "typed_ast-1.5.4-cp310-cp310-win_amd64.whl", hash = "sha256:a9916d2bb8865f973824fb47436fa45e1ebf2efd920f2b9f99342cb7fab93f72"},
    {file = "typed_ast-1.5.4-cp36-cp36m-macosx_10_9_x86_64.whl", hash = "sha256:79b1e0869db7c830ba6a981d58711c88b6677506e648496b1f64ac7d15633aec"},
    {file = "typed_ast-1.5.4-cp36-cp36m-manylinux_2_17_aarch64.manylinux2014_aarch64.whl", hash = "sha256:a94d55d142c9265f4ea46fab70977a1944ecae359ae867397757d836ea5a3f47"},
    {file = "typed_ast-1.5.4-cp36-cp36m-manylinux_2_5_x86_64.manylinux1_x86_64.manylinux_2_12_x86_64.manylinux2010_x86_64.whl", hash = "sha256:183afdf0ec5b1b211724dfef3d2cad2d767cbefac291f24d69b00546c1837fb6"},
    {file = "typed_ast-1.5.4-cp36-cp36m-win_amd64.whl", hash = "sha256:639c5f0b21776605dd6c9dbe592d5228f021404dafd377e2b7ac046b0349b1a1"},
    {file = "typed_ast-1.5.4-cp37-cp37m-macosx_10_9_x86_64.whl", hash = "sha256:cf4afcfac006ece570e32d6fa90ab74a17245b83dfd6655a6f68568098345ff6"},
    {file = "typed_ast-1.5.4-cp37-cp37m-manylinux_2_17_aarch64.manylinux2014_aarch64.whl", hash = "sha256:ed855bbe3eb3715fca349c80174cfcfd699c2f9de574d40527b8429acae23a66"},
    {file = "typed_ast-1.5.4-cp37-cp37m-manylinux_2_5_x86_64.manylinux1_x86_64.manylinux_2_12_x86_64.manylinux2010_x86_64.whl", hash = "sha256:6778e1b2f81dfc7bc58e4b259363b83d2e509a65198e85d5700dfae4c6c8ff1c"},
    {file = "typed_ast-1.5.4-cp37-cp37m-win_amd64.whl", hash = "sha256:0261195c2062caf107831e92a76764c81227dae162c4f75192c0d489faf751a2"},
    {file = "typed_ast-1.5.4-cp38-cp38-macosx_10_9_x86_64.whl", hash = "sha256:2efae9db7a8c05ad5547d522e7dbe62c83d838d3906a3716d1478b6c1d61388d"},
    {file = "typed_ast-1.5.4-cp38-cp38-macosx_11_0_arm64.whl", hash = "sha256:7d5d014b7daa8b0bf2eaef684295acae12b036d79f54178b92a2b6a56f92278f"},
    {file = "typed_ast-1.5.4-cp38-cp38-manylinux_2_17_aarch64.manylinux2014_aarch64.whl", hash = "sha256:370788a63915e82fd6f212865a596a0fefcbb7d408bbbb13dea723d971ed8bdc"},
    {file = "typed_ast-1.5.4-cp38-cp38-manylinux_2_5_x86_64.manylinux1_x86_64.manylinux_2_12_x86_64.manylinux2010_x86_64.whl", hash = "sha256:4e964b4ff86550a7a7d56345c7864b18f403f5bd7380edf44a3c1fb4ee7ac6c6"},
    {file = "typed_ast-1.5.4-cp38-cp38-win_amd64.whl", hash = "sha256:683407d92dc953c8a7347119596f0b0e6c55eb98ebebd9b23437501b28dcbb8e"},
    {file = "typed_ast-1.5.4-cp39-cp39-macosx_10_9_x86_64.whl", hash = "sha256:4879da6c9b73443f97e731b617184a596ac1235fe91f98d279a7af36c796da35"},
    {file = "typed_ast-1.5.4-cp39-cp39-macosx_11_0_arm64.whl", hash = "sha256:3e123d878ba170397916557d31c8f589951e353cc95fb7f24f6bb69adc1a8a97"},
    {file = "typed_ast-1.5.4-cp39-cp39-manylinux_2_17_aarch64.manylinux2014_aarch64.whl", hash = "sha256:ebd9d7f80ccf7a82ac5f88c521115cc55d84e35bf8b446fcd7836eb6b98929a3"},
    {file = "typed_ast-1.5.4-cp39-cp39-manylinux_2_5_x86_64.manylinux1_x86_64.manylinux_2_12_x86_64.manylinux2010_x86_64.whl", hash = "sha256:98f80dee3c03455e92796b58b98ff6ca0b2a6f652120c263efdba4d6c5e58f72"},
    {file = "typed_ast-1.5.4-cp39-cp39-win_amd64.whl", hash = "sha256:0fdbcf2fef0ca421a3f5912555804296f0b0960f0418c440f5d6d3abb549f3e1"},
    {file = "typed_ast-1.5.4.tar.gz", hash = "sha256:39e21ceb7388e4bb37f4c679d72707ed46c2fbf2a5609b8b8ebc4b067d977df2"},
]
typing-extensions = []
zipp = []
